
Microsoft Visual Studio Solution File, Format Version 12.00
# Visual Studio Version 17
VisualStudioVersion = 17.5.002.0
MinimumVisualStudioVersion = 10.0.40219.1
Project("{2150E333-8FDC-42A3-9474-1A3956D46DE8}") = "GuidedProject", "GuidedProject", "{1D52ABFF-7A19-4202-9E11-D838E197E326}"
EndProject
Project("{9A19103F-16F7-4668-BE54-9A1E7A4F7556}") = "Starter", "GuidedProject\Starter\Starter.csproj", "{72ED2EDF-F779-4C32-8083-E565CD8BE24C}"
EndProject
Project("{9A19103F-16F7-4668-BE54-9A1E7A4F7556}") = "Final", "GuidedProject\Final\Final.csproj", "{0C0412BA-97DF-4EED-BBB9-662EB4A7133F}"
EndProject
Global
	GlobalSection(SolutionConfigurationPlatforms) = preSolution
		Debug|Any CPU = Debug|Any CPU
		Release|Any CPU = Release|Any CPU
	EndGlobalSection
	GlobalSection(ProjectConfigurationPlatforms) = postSolution
		{72ED2EDF-F779-4C32-8083-E565CD8BE24C}.Debug|Any CPU.ActiveCfg = Debug|Any CPU
		{72ED2EDF-F779-4C32-8083-E565CD8BE24C}.Debug|Any CPU.Build.0 = Debug|Any CPU
		{72ED2EDF-F779-4C32-8083-E565CD8BE24C}.Release|Any CPU.ActiveCfg = Release|Any CPU
		{72ED2EDF-F779-4C32-8083-E565CD8BE24C}.Release|Any CPU.Build.0 = Release|Any CPU
		{0C0412BA-97DF-4EED-BBB9-662EB4A7133F}.Debug|Any CPU.ActiveCfg = Debug|Any CPU
		{0C0412BA-97DF-4EED-BBB9-662EB4A7133F}.Debug|Any CPU.Build.0 = Debug|Any CPU
		{0C0412BA-97DF-4EED-BBB9-662EB4A7133F}.Release|Any CPU.ActiveCfg = Release|Any CPU
		{0C0412BA-97DF-4EED-BBB9-662EB4A7133F}.Release|Any CPU.Build.0 = Release|Any CPU
	EndGlobalSection
	GlobalSection(SolutionProperties) = preSolution
		HideSolutionNode = FALSE
	EndGlobalSection
	GlobalSection(NestedProjects) = preSolution
		{72ED2EDF-F779-4C32-8083-E565CD8BE24C} = {1D52ABFF-7A19-4202-9E11-D838E197E326}
		{0C0412BA-97DF-4EED-BBB9-662EB4A7133F} = {1D52ABFF-7A19-4202-9E11-D838E197E326}
	EndGlobalSection
	GlobalSection(ExtensibilityGlobals) = postSolution
		SolutionGuid = {0E08B9D1-3A08-4807-9E72-588AF2466AED}
	EndGlobalSection
EndGlobal
